schema: '2.0'
stages:
  data_ingestion:
    cmd: python src/data/data_ingestion.py
    deps:
    - path: src/data/data_ingestion.py
      hash: md5
      md5: e23f87e7ae0762c78f09dbb3f2c6c025
      size: 4332
    params:
      params.yaml:
        data_ingestion.test_size: 0.15
    outs:
    - path: data/raw
      hash: md5
      md5: 588d6912951c9c56323bf137384ff881.dir
      size: 6919701
      nfiles: 2
  data_preprocessing:
    cmd: python src/data/data_preprocessing.py
    deps:
    - path: data/raw/test.csv
      hash: md5
      md5: c5b3e0b8c16b1afaacf80f18aa41e39a
      size: 1000687
    - path: data/raw/train.csv
      hash: md5
      md5: d1c406551b9e9587860d9d6228d81596
      size: 5919014
    - path: src/data/data_preprocessing.py
      hash: md5
      md5: 72ab680d346fb2c6543130ac26f90dd4
      size: 3856
    outs:
    - path: data/interim
      hash: md5
      md5: 9256f7bbb4629c303924ee45e4d2a205.dir
      size: 5134850
      nfiles: 2
  model_building:
    cmd: python src/model/model_building.py
    deps:
    - path: data/interim/train_processed.csv
      hash: md5
      md5: d07e5f057baff3464bccecc7a99f36cb
      size: 4391850
    - path: src/model/model_building.py
      hash: md5
      md5: 3df6d1ac6c6e22ff9f19df8dbe39bc65
      size: 5662
    params:
      params.yaml:
        model_building.learning_rate: 0.09
        model_building.max_depth: 20
        model_building.max_features: 10000
        model_building.n_estimators: 367
        model_building.ngram_range:
        - 1
        - 3
    outs:
    - path: lgbm_model.pkl
      hash: md5
      md5: 009972ad416711a924a5ee1615d78fe5
      size: 4133157
    - path: tfidf_vectorizer.pkl
      hash: md5
      md5: 538efa554d8b0db1912ab080aa9e5e18
      size: 384115
  model_evaluation:
    cmd: python src/model/model_evaluation.py
    deps:
    - path: data/interim/test_processed.csv
      hash: md5
      md5: c5b15fb43be12f56dd08e2c4bb1dff73
      size: 743000
    - path: data/interim/train_processed.csv
      hash: md5
      md5: d07e5f057baff3464bccecc7a99f36cb
      size: 4391850
    - path: lgbm_model.pkl
      hash: md5
      md5: 009972ad416711a924a5ee1615d78fe5
      size: 4133157
    - path: src/model/model_evaluation.py
      hash: md5
      md5: 3c2a5c44cb246c3603d0d0d3936945b7
      size: 7309
    - path: tfidf_vectorizer.pkl
      hash: md5
      md5: 538efa554d8b0db1912ab080aa9e5e18
      size: 384115
    outs:
    - path: experiment_info.json
      hash: md5
      md5: da6aebf5b888aae0a25d6ab04b7b4eb5
      size: 159
  model_registration:
    cmd: python src/model/register_model.py
    deps:
    - path: experiment_info.json
      hash: md5
      md5: da6aebf5b888aae0a25d6ab04b7b4eb5
      size: 159
    - path: src/model/register_model.py
      hash: md5
      md5: aee26cb376c783106a014189b7a111cb
      size: 2439
