schema: '2.0'
stages:
  data_ingestion:
    cmd: python src/data/data_ingestion.py
    deps:
    - path: src/data/data_ingestion.py
      hash: md5
      md5: caaf549d488798bd2084e75336efb97f
      size: 4219
    params:
      params.yaml:
        data_ingestion.test_size: 0.15
    outs:
    - path: data/raw
      hash: md5
      md5: aeb6ee1daf6dddad17ff42a041a71106.dir
      size: 6882906
      nfiles: 2
  data_preprocessing:
    cmd: python src/data/data_preprocessing.py
    deps:
    - path: data/raw/test.csv
      hash: md5
      md5: d22a56aeb76ad46b9b2b7af50b003089
      size: 995167
    - path: data/raw/train.csv
      hash: md5
      md5: eb5eb01c10b07b8a1d168c4ff30f3544
      size: 5887739
    - path: src/data/data_preprocessing.py
      hash: md5
      md5: 0caf3d4322a07e68476124fa3cd75e24
      size: 3747
    outs:
    - path: data/interim
      hash: md5
      md5: 8360eac94888e6049a81444534391433.dir
      size: 5095933
      nfiles: 2
  model_building:
    cmd: python src/model/model_building.py
    deps:
    - path: data/interim/train_processed.csv
      hash: md5
      md5: e98c05fbaf9733828df0b7687bba8b0e
      size: 4358805
    - path: src/model/model_building.py
      hash: md5
      md5: 9a4cc00245a10b734ccedce855755f8c
      size: 5504
    params:
      params.yaml:
        model_building.learning_rate: 0.09
        model_building.max_depth: 20
        model_building.max_features: 10000
        model_building.n_estimators: 367
        model_building.ngram_range:
        - 1
        - 3
    outs:
    - path: lgbm_model.pkl
      hash: md5
      md5: 680cad5055be607c965df319d85bc9eb
      size: 4111337
    - path: tfidf_vectorizer.pkl
      hash: md5
      md5: 41ee21c74b3d088a8d5b3f9f9a6a824b
      size: 383955
  model_evaluation:
    cmd: python src/model/model_evaluation.py
    deps:
    - path: data/interim/test_processed.csv
      hash: md5
      md5: 6af1323c0e6aabef94779fde79f47bb2
      size: 737128
    - path: data/interim/train_processed.csv
      hash: md5
      md5: e98c05fbaf9733828df0b7687bba8b0e
      size: 4358805
    - path: lgbm_model.pkl
      hash: md5
      md5: 680cad5055be607c965df319d85bc9eb
      size: 4111337
    - path: src/model/model_evaluation.py
      hash: md5
      md5: b9405193854735ad198437c01eecf295
      size: 6212
    - path: tfidf_vectorizer.pkl
      hash: md5
      md5: 41ee21c74b3d088a8d5b3f9f9a6a824b
      size: 383955
    outs:
    - path: experiment_info.json
      hash: md5
      md5: 1a415f17ea560837646e9f649876ee73
      size: 84
  model_registration:
    cmd: python src/model/register_model.py
    deps:
    - path: experiment_info.json
      hash: md5
      md5: 1a415f17ea560837646e9f649876ee73
      size: 84
    - path: src/model/register_model.py
      hash: md5
      md5: 27cd3daf2f050bf084cead37b2fb7adf
      size: 2364
