schema: '2.0'
stages:
  data_ingestion:
    cmd: python src/data/data_ingestion.py
    deps:
    - path: src/data/data_ingestion.py
      hash: md5
      md5: e23f87e7ae0762c78f09dbb3f2c6c025
      size: 4332
    params:
      params.yaml:
        data_ingestion.test_size: 0.3
    outs:
    - path: data/raw
      hash: md5
      md5: 889887895020849ef145d73a7c29ebbd.dir
      size: 6919701
      nfiles: 2
  data_preprocessing:
    cmd: python src/data/data_preprocessing.py
    deps:
    - path: data/raw/test.csv
      hash: md5
      md5: d7c32fd3e9d9695b30802d315a4f9a59
      size: 2037266
    - path: data/raw/train.csv
      hash: md5
      md5: 36fc2b8021a7c5546c87cddc0ad2943c
      size: 4882435
    - path: src/data/data_preprocessing.py
      hash: md5
      md5: 72ab680d346fb2c6543130ac26f90dd4
      size: 3856
    outs:
    - path: data/interim
      hash: md5
      md5: c44152a02d15f940bbe7f530c987d0d3.dir
      size: 5134850
      nfiles: 2
  model_building:
    cmd: python src/model/model_building.py
    deps:
    - path: data/interim/train_processed.csv
      hash: md5
      md5: 38bf69d86d6ad9c4b857968cb587e4c3
      size: 3621863
    - path: src/model/model_building.py
      hash: md5
      md5: 3df6d1ac6c6e22ff9f19df8dbe39bc65
      size: 5662
    params:
      params.yaml:
        model_building.learning_rate: 0.09
        model_building.max_depth: 20
        model_building.max_features: 10000
        model_building.n_estimators: 367
        model_building.ngram_range:
        - 1
        - 3
    outs:
    - path: lgbm_model.pkl
      hash: md5
      md5: 055b6d628beb1fd98899af18b3f3441d
      size: 4097791
    - path: tfidf_vectorizer.pkl
      hash: md5
      md5: 8850a283de0bc658ace948092425e334
      size: 383876
  model_evaluation:
    cmd: python src/model/model_evaluation.py
    deps:
    - path: data/interim/test_processed.csv
      hash: md5
      md5: 11f9e0bfb7b291037286e7231df0321c
      size: 1512987
    - path: data/interim/train_processed.csv
      hash: md5
      md5: 38bf69d86d6ad9c4b857968cb587e4c3
      size: 3621863
    - path: lgbm_model.pkl
      hash: md5
      md5: 055b6d628beb1fd98899af18b3f3441d
      size: 4097791
    - path: src/model/model_evaluation.py
      hash: md5
      md5: ef64dbaa7aba60da2e1a48d306c97ab5
      size: 7284
    - path: tfidf_vectorizer.pkl
      hash: md5
      md5: 8850a283de0bc658ace948092425e334
      size: 383876
    outs:
    - path: experiment_info.json
      hash: md5
      md5: b95370b4b2c3d1d49f5057bdeae1030f
      size: 87
